
Microsoft Visual Studio Solution File, Format Version 12.00
# Visual Studio 15
VisualStudioVersion = 15.0.26403.3
MinimumVisualStudioVersion = 10.0.40219.1
Project("{FAE04EC0-301F-11D3-BF4B-00C04F79EFBC}") = "HJCS.SageAssessment.WebAPI", "HJCS.SageAssessment\HJCS.SageAssessment.WebAPI.csproj", "{432F93CB-510F-482D-A3D8-C9BCE98A3911}"
EndProject
Project("{FAE04EC0-301F-11D3-BF4B-00C04F79EFBC}") = "HJCS.SageAssessment.Domain", "HJCS.SageAssessment.Domain\HJCS.SageAssessment.Domain.csproj", "{47BC71AC-AA9C-4622-8C08-1050FBF6766F}"
EndProject
Project("{FAE04EC0-301F-11D3-BF4B-00C04F79EFBC}") = "HJCS.SageAssessment.Data", "HJCS.SageAssessment.Data\HJCS.SageAssessment.Data.csproj", "{8B117358-FD29-4D5F-B81B-D65B2D3D5C71}"
EndProject
Project("{FAE04EC0-301F-11D3-BF4B-00C04F79EFBC}") = "HJCS.SageAssessment.Repository", "HJCS.SageAssessment.Repository\HJCS.SageAssessment.Repository.csproj", "{61193A5F-8941-4AE1-8BCA-101CBBF2DF43}"
EndProject
Project("{FAE04EC0-301F-11D3-BF4B-00C04F79EFBC}") = "HJCS.SageAssessment.ClientMVC", "HJCS.SageAssessment.Client\HJCS.SageAssessment.ClientMVC.csproj", "{88B74C31-AA4F-4223-95D3-15E6DBC3C943}"
EndProject
Global
	GlobalSection(SolutionConfigurationPlatforms) = preSolution
		Debug|Any CPU = Debug|Any CPU
		Release|Any CPU = Release|Any CPU
	EndGlobalSection
	GlobalSection(ProjectConfigurationPlatforms) = postSolution
		{432F93CB-510F-482D-A3D8-C9BCE98A3911}.Debug|Any CPU.ActiveCfg = Debug|Any CPU
		{432F93CB-510F-482D-A3D8-C9BCE98A3911}.Debug|Any CPU.Build.0 = Debug|Any CPU
		{432F93CB-510F-482D-A3D8-C9BCE98A3911}.Release|Any CPU.ActiveCfg = Release|Any CPU
		{432F93CB-510F-482D-A3D8-C9BCE98A3911}.Release|Any CPU.Build.0 = Release|Any CPU
		{47BC71AC-AA9C-4622-8C08-1050FBF6766F}.Debug|Any CPU.ActiveCfg = Debug|Any CPU
		{47BC71AC-AA9C-4622-8C08-1050FBF6766F}.Debug|Any CPU.Build.0 = Debug|Any CPU
		{47BC71AC-AA9C-4622-8C08-1050FBF6766F}.Release|Any CPU.ActiveCfg = Release|Any CPU
		{47BC71AC-AA9C-4622-8C08-1050FBF6766F}.Release|Any CPU.Build.0 = Release|Any CPU
		{8B117358-FD29-4D5F-B81B-D65B2D3D5C71}.Debug|Any CPU.ActiveCfg = Debug|Any CPU
		{8B117358-FD29-4D5F-B81B-D65B2D3D5C71}.Debug|Any CPU.Build.0 = Debug|Any CPU
		{8B117358-FD29-4D5F-B81B-D65B2D3D5C71}.Release|Any CPU.ActiveCfg = Release|Any CPU
		{8B117358-FD29-4D5F-B81B-D65B2D3D5C71}.Release|Any CPU.Build.0 = Release|Any CPU
		{61193A5F-8941-4AE1-8BCA-101CBBF2DF43}.Debug|Any CPU.ActiveCfg = Debug|Any CPU
		{61193A5F-8941-4AE1-8BCA-101CBBF2DF43}.Debug|Any CPU.Build.0 = Debug|Any CPU
		{61193A5F-8941-4AE1-8BCA-101CBBF2DF43}.Release|Any CPU.ActiveCfg = Release|Any CPU
		{61193A5F-8941-4AE1-8BCA-101CBBF2DF43}.Release|Any CPU.Build.0 = Release|Any CPU
		{88B74C31-AA4F-4223-95D3-15E6DBC3C943}.Debug|Any CPU.ActiveCfg = Debug|Any CPU
		{88B74C31-AA4F-4223-95D3-15E6DBC3C943}.Debug|Any CPU.Build.0 = Debug|Any CPU
		{88B74C31-AA4F-4223-95D3-15E6DBC3C943}.Release|Any CPU.ActiveCfg = Release|Any CPU
		{88B74C31-AA4F-4223-95D3-15E6DBC3C943}.Release|Any CPU.Build.0 = Release|Any CPU
	EndGlobalSection
	GlobalSection(SolutionProperties) = preSolution
		HideSolutionNode = FALSE
	EndGlobalSection
EndGlobal
